{
  "lockfileVersion": 1,
  "configVersion": 0,
  "workspaces": {
    "": {
      "name": "lifi-contract-typings",
      "dependencies": {
        "@ethersproject/abi": "^5.5.0",
        "@ethersproject/bytes": "^5.5.0",
        "@ethersproject/providers": "^5.5.1",
        "ethers": "^5.5.2",
      },
      "devDependencies": {
        "@types/minimatch": "^6.0.0",
        "@types/node": "^17.0.7",
        "copyfiles": "^2.4.1",
        "minimatch": "^10.0.3",
        "typescript": "^5.4.5",
      },
    },
  },
  "packages": {
    "@ethersproject/abi": ["@ethersproject/abi@5.7.0", "", { "dependencies": { "@ethersproject/address": "^5.7.0", "@ethersproject/bignumber": "^5.7.0", "@ethersproject/bytes": "^5.7.0", "@ethersproject/constants": "^5.7.0", "@ethersproject/hash": "^5.7.0", "@ethersproject/keccak256": "^5.7.0", "@ethersproject/logger": "^5.7.0", "@ethersproject/properties": "^5.7.0", "@ethersproject/strings": "^5.7.0" } }, "sha512-351ktp42TiRcYB3H1OP8yajPeAQstMW/yCFokj/AthP9bLHzQFPlOrxOcwYEDkUAICmOHljvN4K39OMTMUa9RA=="],

    "@ethersproject/abstract-provider": ["@ethersproject/abstract-provider@5.7.0", "", { "dependencies": { "@ethersproject/bignumber": "^5.7.0", "@ethersproject/bytes": "^5.7.0", "@ethersproject/logger": "^5.7.0", "@ethersproject/networks": "^5.7.0", "@ethersproject/properties": "^5.7.0", "@ethersproject/transactions": "^5.7.0", "@ethersproject/web": "^5.7.0" } }, "sha512-R41c9UkchKCpAqStMYUpdunjo3pkEvZC3FAwZn5S5MGbXoMQOHIdHItezTETxAO5bevtMApSyEhn9+CHcDsWBw=="],

    "@ethersproject/abstract-signer": ["@ethersproject/abstract-signer@5.7.0", "", { "dependencies": { "@ethersproject/abstract-provider": "^5.7.0", "@ethersproject/bignumber": "^5.7.0", "@ethersproject/bytes": "^5.7.0", "@ethersproject/logger": "^5.7.0", "@ethersproject/properties": "^5.7.0" } }, "sha512-a16V8bq1/Cz+TGCkE2OPMTOUDLS3grCpdjoJCYNnVBbdYEMSgKrU0+B90s8b6H+ByYTBZN7a3g76jdIJi7UfKQ=="],

    "@ethersproject/address": ["@ethersproject/address@5.7.0", "", { "dependencies": { "@ethersproject/bignumber": "^5.7.0", "@ethersproject/bytes": "^5.7.0", "@ethersproject/keccak256": "^5.7.0", "@ethersproject/logger": "^5.7.0", "@ethersproject/rlp": "^5.7.0" } }, "sha512-9wYhYt7aghVGo758POM5nqcOMaE168Q6aRLJZwUmiqSrAungkG74gSSeKEIR7ukixesdRZGPgVqme6vmxs1fkA=="],

    "@ethersproject/base64": ["@ethersproject/base64@5.7.0", "", { "dependencies": { "@ethersproject/bytes": "^5.7.0" } }, "sha512-Dr8tcHt2mEbsZr/mwTPIQAf3Ai0Bks/7gTw9dSqk1mQvhW3XvRlmDJr/4n+wg1JmCl16NZue17CDh8xb/vZ0sQ=="],

    "@ethersproject/basex": ["@ethersproject/basex@5.7.0", "", { "dependencies": { "@ethersproject/bytes": "^5.7.0", "@ethersproject/properties": "^5.7.0" } }, "sha512-ywlh43GwZLv2Voc2gQVTKBoVQ1mti3d8HK5aMxsfu/nRDnMmNqaSJ3r3n85HBByT8OpoY96SXM1FogC533T4zw=="],

    "@ethersproject/bignumber": ["@ethersproject/bignumber@5.7.0", "", { "dependencies": { "@ethersproject/bytes": "^5.7.0", "@ethersproject/logger": "^5.7.0", "bn.js": "^5.2.1" } }, "sha512-n1CAdIHRWjSucQO3MC1zPSVgV/6dy/fjL9pMrPP9peL+QxEg9wOsVqwD4+818B6LUEtaXzVHQiuivzRoxPxUGw=="],

    "@ethersproject/bytes": ["@ethersproject/bytes@5.7.0", "", { "dependencies": { "@ethersproject/logger": "^5.7.0" } }, "sha512-nsbxwgFXWh9NyYWo+U8atvmMsSdKJprTcICAkvbBffT75qDocbuggBU0SJiVK2MuTrp0q+xvLkTnGMPK1+uA9A=="],

    "@ethersproject/constants": ["@ethersproject/constants@5.7.0", "", { "dependencies": { "@ethersproject/bignumber": "^5.7.0" } }, "sha512-DHI+y5dBNvkpYUMiRQyxRBYBefZkJfo70VUkUAsRjcPs47muV9evftfZ0PJVCXYbAiCgght0DtcF9srFQmIgWA=="],

    "@ethersproject/contracts": ["@ethersproject/contracts@5.7.0", "", { "dependencies": { "@ethersproject/abi": "^5.7.0", "@ethersproject/abstract-provider": "^5.7.0", "@ethersproject/abstract-signer": "^5.7.0", "@ethersproject/address": "^5.7.0", "@ethersproject/bignumber": "^5.7.0", "@ethersproject/bytes": "^5.7.0", "@ethersproject/constants": "^5.7.0", "@ethersproject/logger": "^5.7.0", "@ethersproject/properties": "^5.7.0", "@ethersproject/transactions": "^5.7.0" } }, "sha512-5GJbzEU3X+d33CdfPhcyS+z8MzsTrBGk/sc+G+59+tPa9yFkl6HQ9D6L0QMgNTA9q8dT0XKxxkyp883XsQvbbg=="],

    "@ethersproject/hash": ["@ethersproject/hash@5.7.0", "", { "dependencies": { "@ethersproject/abstract-signer": "^5.7.0", "@ethersproject/address": "^5.7.0", "@ethersproject/base64": "^5.7.0", "@ethersproject/bignumber": "^5.7.0", "@ethersproject/bytes": "^5.7.0", "@ethersproject/keccak256": "^5.7.0", "@ethersproject/logger": "^5.7.0", "@ethersproject/properties": "^5.7.0", "@ethersproject/strings": "^5.7.0" } }, "sha512-qX5WrQfnah1EFnO5zJv1v46a8HW0+E5xuBBDTwMFZLuVTx0tbU2kkx15NqdjxecrLGatQN9FGQKpb1FKdHCt+g=="],

    "@ethersproject/hdnode": ["@ethersproject/hdnode@5.7.0", "", { "dependencies": { "@ethersproject/abstract-signer": "^5.7.0", "@ethersproject/basex": "^5.7.0", "@ethersproject/bignumber": "^5.7.0", "@ethersproject/bytes": "^5.7.0", "@ethersproject/logger": "^5.7.0", "@ethersproject/pbkdf2": "^5.7.0", "@ethersproject/properties": "^5.7.0", "@ethersproject/sha2": "^5.7.0", "@ethersproject/signing-key": "^5.7.0", "@ethersproject/strings": "^5.7.0", "@ethersproject/transactions": "^5.7.0", "@ethersproject/wordlists": "^5.7.0" } }, "sha512-OmyYo9EENBPPf4ERhR7oj6uAtUAhYGqOnIS+jE5pTXvdKBS99ikzq1E7Iv0ZQZ5V36Lqx1qZLeak0Ra16qpeOg=="],

    "@ethersproject/json-wallets": ["@ethersproject/json-wallets@5.7.0", "", { "dependencies": { "@ethersproject/abstract-signer": "^5.7.0", "@ethersproject/address": "^5.7.0", "@ethersproject/bytes": "^5.7.0", "@ethersproject/hdnode": "^5.7.0", "@ethersproject/keccak256": "^5.7.0", "@ethersproject/logger": "^5.7.0", "@ethersproject/pbkdf2": "^5.7.0", "@ethersproject/properties": "^5.7.0", "@ethersproject/random": "^5.7.0", "@ethersproject/strings": "^5.7.0", "@ethersproject/transactions": "^5.7.0", "aes-js": "3.0.0", "scrypt-js": "3.0.1" } }, "sha512-8oee5Xgu6+RKgJTkvEMl2wDgSPSAQ9MB/3JYjFV9jlKvcYHUXZC+cQp0njgmxdHkYWn8s6/IqIZYm0YWCjO/0g=="],

    "@ethersproject/keccak256": ["@ethersproject/keccak256@5.7.0", "", { "dependencies": { "@ethersproject/bytes": "^5.7.0", "js-sha3": "0.8.0" } }, "sha512-2UcPboeL/iW+pSg6vZ6ydF8tCnv3Iu/8tUmLLzWWGzxWKFFqOBQFLo6uLUv6BDrLgCDfN28RJ/wtByx+jZ4KBg=="],

    "@ethersproject/logger": ["@ethersproject/logger@5.7.0", "", {}, "sha512-0odtFdXu/XHtjQXJYA3u9G0G8btm0ND5Cu8M7i5vhEcE8/HmF4Lbdqanwyv4uQTr2tx6b7fQRmgLrsnpQlmnig=="],

    "@ethersproject/networks": ["@ethersproject/networks@5.7.1", "", { "dependencies": { "@ethersproject/logger": "^5.7.0" } }, "sha512-n/MufjFYv3yFcUyfhnXotyDlNdFb7onmkSy8aQERi2PjNcnWQ66xXxa3XlS8nCcA8aJKJjIIMNJTC7tu80GwpQ=="],

    "@ethersproject/pbkdf2": ["@ethersproject/pbkdf2@5.7.0", "", { "dependencies": { "@ethersproject/bytes": "^5.7.0", "@ethersproject/sha2": "^5.7.0" } }, "sha512-oR/dBRZR6GTyaofd86DehG72hY6NpAjhabkhxgr3X2FpJtJuodEl2auADWBZfhDHgVCbu3/H/Ocq2uC6dpNjjw=="],

    "@ethersproject/properties": ["@ethersproject/properties@5.7.0", "", { "dependencies": { "@ethersproject/logger": "^5.7.0" } }, "sha512-J87jy8suntrAkIZtecpxEPxY//szqr1mlBaYlQ0r4RCaiD2hjheqF9s1LVE8vVuJCXisjIP+JgtK/Do54ej4Sw=="],

    "@ethersproject/providers": ["@ethersproject/providers@5.7.2", "", { "dependencies": { "@ethersproject/abstract-provider": "^5.7.0", "@ethersproject/abstract-signer": "^5.7.0", "@ethersproject/address": "^5.7.0", "@ethersproject/base64": "^5.7.0", "@ethersproject/basex": "^5.7.0", "@ethersproject/bignumber": "^5.7.0", "@ethersproject/bytes": "^5.7.0", "@ethersproject/constants": "^5.7.0", "@ethersproject/hash": "^5.7.0", "@ethersproject/logger": "^5.7.0", "@ethersproject/networks": "^5.7.0", "@ethersproject/properties": "^5.7.0", "@ethersproject/random": "^5.7.0", "@ethersproject/rlp": "^5.7.0", "@ethersproject/sha2": "^5.7.0", "@ethersproject/strings": "^5.7.0", "@ethersproject/transactions": "^5.7.0", "@ethersproject/web": "^5.7.0", "bech32": "1.1.4", "ws": "7.4.6" } }, "sha512-g34EWZ1WWAVgr4aptGlVBF8mhl3VWjv+8hoAnzStu8Ah22VHBsuGzP17eb6xDVRzw895G4W7vvx60lFFur/1Rg=="],

    "@ethersproject/random": ["@ethersproject/random@5.7.0", "", { "dependencies": { "@ethersproject/bytes": "^5.7.0", "@ethersproject/logger": "^5.7.0" } }, "sha512-19WjScqRA8IIeWclFme75VMXSBvi4e6InrUNuaR4s5pTF2qNhcGdCUwdxUVGtDDqC00sDLCO93jPQoDUH4HVmQ=="],

    "@ethersproject/rlp": ["@ethersproject/rlp@5.7.0", "", { "dependencies": { "@ethersproject/bytes": "^5.7.0", "@ethersproject/logger": "^5.7.0" } }, "sha512-rBxzX2vK8mVF7b0Tol44t5Tb8gomOHkj5guL+HhzQ1yBh/ydjGnpw6at+X6Iw0Kp3OzzzkcKp8N9r0W4kYSs9w=="],

    "@ethersproject/sha2": ["@ethersproject/sha2@5.7.0", "", { "dependencies": { "@ethersproject/bytes": "^5.7.0", "@ethersproject/logger": "^5.7.0", "hash.js": "1.1.7" } }, "sha512-gKlH42riwb3KYp0reLsFTokByAKoJdgFCwI+CCiX/k+Jm2mbNs6oOaCjYQSlI1+XBVejwH2KrmCbMAT/GnRDQw=="],

    "@ethersproject/signing-key": ["@ethersproject/signing-key@5.7.0", "", { "dependencies": { "@ethersproject/bytes": "^5.7.0", "@ethersproject/logger": "^5.7.0", "@ethersproject/properties": "^5.7.0", "bn.js": "^5.2.1", "elliptic": "6.5.4", "hash.js": "1.1.7" } }, "sha512-MZdy2nL3wO0u7gkB4nA/pEf8lu1TlFswPNmy8AiYkfKTdO6eXBJyUdmHO/ehm/htHw9K/qF8ujnTyUAD+Ry54Q=="],

    "@ethersproject/solidity": ["@ethersproject/solidity@5.7.0", "", { "dependencies": { "@ethersproject/bignumber": "^5.7.0", "@ethersproject/bytes": "^5.7.0", "@ethersproject/keccak256": "^5.7.0", "@ethersproject/logger": "^5.7.0", "@ethersproject/sha2": "^5.7.0", "@ethersproject/strings": "^5.7.0" } }, "sha512-HmabMd2Dt/raavyaGukF4XxizWKhKQ24DoLtdNbBmNKUOPqwjsKQSdV9GQtj9CBEea9DlzETlVER1gYeXXBGaA=="],

    "@ethersproject/strings": ["@ethersproject/strings@5.7.0", "", { "dependencies": { "@ethersproject/bytes": "^5.7.0", "@ethersproject/constants": "^5.7.0", "@ethersproject/logger": "^5.7.0" } }, "sha512-/9nu+lj0YswRNSH0NXYqrh8775XNyEdUQAuf3f+SmOrnVewcJ5SBNAjF7lpgehKi4abvNNXyf+HX86czCdJ8Mg=="],

    "@ethersproject/transactions": ["@ethersproject/transactions@5.7.0", "", { "dependencies": { "@ethersproject/address": "^5.7.0", "@ethersproject/bignumber": "^5.7.0", "@ethersproject/bytes": "^5.7.0", "@ethersproject/constants": "^5.7.0", "@ethersproject/keccak256": "^5.7.0", "@ethersproject/logger": "^5.7.0", "@ethersproject/properties": "^5.7.0", "@ethersproject/rlp": "^5.7.0", "@ethersproject/signing-key": "^5.7.0" } }, "sha512-kmcNicCp1lp8qanMTC3RIikGgoJ80ztTyvtsFvCYpSCfkjhD0jZ2LOrnbcuxuToLIUYYf+4XwD1rP+B/erDIhQ=="],

    "@ethersproject/units": ["@ethersproject/units@5.7.0", "", { "dependencies": { "@ethersproject/bignumber": "^5.7.0", "@ethersproject/constants": "^5.7.0", "@ethersproject/logger": "^5.7.0" } }, "sha512-pD3xLMy3SJu9kG5xDGI7+xhTEmGXlEqXU4OfNapmfnxLVY4EMSSRp7j1k7eezutBPH7RBN/7QPnwR7hzNlEFeg=="],

    "@ethersproject/wallet": ["@ethersproject/wallet@5.7.0", "", { "dependencies": { "@ethersproject/abstract-provider": "^5.7.0", "@ethersproject/abstract-signer": "^5.7.0", "@ethersproject/address": "^5.7.0", "@ethersproject/bignumber": "^5.7.0", "@ethersproject/bytes": "^5.7.0", "@ethersproject/hash": "^5.7.0", "@ethersproject/hdnode": "^5.7.0", "@ethersproject/json-wallets": "^5.7.0", "@ethersproject/keccak256": "^5.7.0", "@ethersproject/logger": "^5.7.0", "@ethersproject/properties": "^5.7.0", "@ethersproject/random": "^5.7.0", "@ethersproject/signing-key": "^5.7.0", "@ethersproject/transactions": "^5.7.0", "@ethersproject/wordlists": "^5.7.0" } }, "sha512-MhmXlJXEJFBFVKrDLB4ZdDzxcBxQ3rLyCkhNqVu3CDYvR97E+8r01UgrI+TI99Le+aYm/in/0vp86guJuM7FCA=="],

    "@ethersproject/web": ["@ethersproject/web@5.7.1", "", { "dependencies": { "@ethersproject/base64": "^5.7.0", "@ethersproject/bytes": "^5.7.0", "@ethersproject/logger": "^5.7.0", "@ethersproject/properties": "^5.7.0", "@ethersproject/strings": "^5.7.0" } }, "sha512-Gueu8lSvyjBWL4cYsWsjh6MtMwM0+H4HvqFPZfB6dV8ctbP9zFAO73VG1cMWae0FLPCtz0peKPpZY8/ugJJX2w=="],

    "@ethersproject/wordlists": ["@ethersproject/wordlists@5.7.0", "", { "dependencies": { "@ethersproject/bytes": "^5.7.0", "@ethersproject/hash": "^5.7.0", "@ethersproject/logger": "^5.7.0", "@ethersproject/properties": "^5.7.0", "@ethersproject/strings": "^5.7.0" } }, "sha512-S2TFNJNfHWVHNE6cNDjbVlZ6MgE17MIxMbMg2zv3wn+3XSJGosL1m9ZVv3GXCf/2ymSsQ+hRI5IzoMJTG6aoVA=="],

    "@isaacs/balanced-match": ["@isaacs/balanced-match@4.0.1", "", {}, "sha512-yzMTt9lEb8Gv7zRioUilSglI0c0smZ9k5D65677DLWLtWJaXIS3CqcGyUFByYKlnUj6TkjLVs54fBl6+TiGQDQ=="],

    "@isaacs/brace-expansion": ["@isaacs/brace-expansion@5.0.0", "", { "dependencies": { "@isaacs/balanced-match": "^4.0.1" } }, "sha512-ZT55BDLV0yv0RBm2czMiZ+SqCGO7AvmOM3G/w2xhVPH+te0aKgFjmBvGlL1dH+ql2tgGO3MVrbb3jCKyvpgnxA=="],

    "@types/minimatch": ["@types/minimatch@6.0.0", "", { "dependencies": { "minimatch": "*" } }, "sha512-zmPitbQ8+6zNutpwgcQuLcsEpn/Cj54Kbn7L5pX0Os5kdWplB7xPgEh/g+SWOB/qmows2gpuCaPyduq8ZZRnxA=="],

    "@types/node": ["@types/node@17.0.45", "", {}, "sha512-w+tIMs3rq2afQdsPJlODhoUEKzFP1ayaoyl1CcnwtIlsVe7K7bA1NGm4s3PraqTLlXnbIN84zuBlxBWo1u9BLw=="],

    "aes-js": ["aes-js@3.0.0", "", {}, "sha512-H7wUZRn8WpTq9jocdxQ2c8x2sKo9ZVmzfRE13GiNJXfp7NcKYEdvl3vspKjXox6RIG2VtaRe4JFvxG4rqp2Zuw=="],

    "ansi-regex": ["ansi-regex@5.0.1", "", {}, "sha512-quJQXlTSUGL2LH9SUXo8VwsY4soanhgo6LNSm84E1LBcE8s3O0wpdiRzyR9z/ZZJMlMWv37qOOb9pdJlMUEKFQ=="],

    "ansi-styles": ["ansi-styles@4.3.0", "", { "dependencies": { "color-convert": "^2.0.1" } }, "sha512-zbB9rCJAT1rbjiVDb2hqKFHNYLxgtk8NURxZ3IZwD3F6NtxbXZQCnnSi1Lkx+IDohdPlFp222wVALIheZJQSEg=="],

    "balanced-match": ["balanced-match@1.0.2", "", {}, "sha512-3oSeUO0TMV67hN1AmbXsK4yaqU7tjiHlbxRDZOpH0KW9+CeX4bRAaX0Anxt0tx2MrpRpWwQaPwIlISEJhYU5Pw=="],

    "bech32": ["bech32@1.1.4", "", {}, "sha512-s0IrSOzLlbvX7yp4WBfPITzpAU8sqQcpsmwXDiKwrG4r491vwCO/XpejasRNl0piBMe/DvP4Tz0mIS/X1DPJBQ=="],

    "bn.js": ["bn.js@5.2.1", "", {}, "sha512-eXRvHzWyYPBuB4NBy0cmYQjGitUrtqwbvlzP3G6VFnNRbsZQIxQ10PbKKHt8gZ/HW/D/747aDl+QkDqg3KQLMQ=="],

    "brace-expansion": ["brace-expansion@1.1.11", "", { "dependencies": { "balanced-match": "^1.0.0", "concat-map": "0.0.1" } }, "sha512-iCuPHDFgrHX7H2vEI/5xpz07zSHB00TpugqhmYtVmMO6518mCuRMoOYFldEBl0g187ufozdaHgWKcYFb61qGiA=="],

    "brorand": ["brorand@1.1.0", "", {}, "sha512-cKV8tMCEpQs4hK/ik71d6LrPOnpkpGBR0wzxqr68g2m/LB2GxVYQroAjMJZRVM1Y4BCjCKc3vAamxSzOY2RP+w=="],

    "cliui": ["cliui@7.0.4", "", { "dependencies": { "string-width": "^4.2.0", "strip-ansi": "^6.0.0", "wrap-ansi": "^7.0.0" } }, "sha512-OcRE68cOsVMXp1Yvonl/fzkQOyjLSu/8bhPDfQt0e0/Eb283TKP20Fs2MqoPsr9SwA595rRCA+QMzYc9nBP+JQ=="],

    "color-convert": ["color-convert@2.0.1", "", { "dependencies": { "color-name": "~1.1.4" } }, "sha512-RRECPsj7iu/xb5oKYcsFHSppFNnsj/52OVTRKb4zP5onXwVF3zVmmToNcOfGC+CRDpfK/U584fMg38ZHCaElKQ=="],

    "color-name": ["color-name@1.1.4", "", {}, "sha512-dOy+3AuW3a2wNbZHIuMZpTcgjGuLU/uBL/ubcZF9OXbDo8ff4O8yVp5Bf0efS8uEoYo5q4Fx7dY9OgQGXgAsQA=="],

    "concat-map": ["concat-map@0.0.1", "", {}, "sha512-/Srv4dswyQNBfohGpz9o6Yb3Gz3SrUDqBH5rTuhGR7ahtlbYKnVxw2bCFMRljaA7EXHaXZ8wsHdodFvbkhKmqg=="],

    "copyfiles": ["copyfiles@2.4.1", "", { "dependencies": { "glob": "^7.0.5", "minimatch": "^3.0.3", "mkdirp": "^1.0.4", "noms": "0.0.0", "through2": "^2.0.1", "untildify": "^4.0.0", "yargs": "^16.1.0" }, "bin": { "copyfiles": "copyfiles", "copyup": "copyfiles" } }, "sha512-fereAvAvxDrQDOXybk3Qu3dPbOoKoysFMWtkY3mv5BsL8//OSZVL5DCLYqgRfY5cWirgRzlC+WSrxp6Bo3eNZg=="],

    "core-util-is": ["core-util-is@1.0.3", "", {}, "sha512-ZQBvi1DcpJ4GDqanjucZ2Hj3wEO5pZDS89BWbkcrvdxksJorwUDDZamX9ldFkp9aw2lmBDLgkObEA4DWNJ9FYQ=="],

    "elliptic": ["elliptic@6.5.4", "", { "dependencies": { "bn.js": "^4.11.9", "brorand": "^1.1.0", "hash.js": "^1.0.0", "hmac-drbg": "^1.0.1", "inherits": "^2.0.4", "minimalistic-assert": "^1.0.1", "minimalistic-crypto-utils": "^1.0.1" } }, "sha512-iLhC6ULemrljPZb+QutR5TQGB+pdW6KGD5RSegS+8sorOZT+rdQFbsQFJgvN3eRqNALqJer4oQ16YvJHlU8hzQ=="],

    "emoji-regex": ["emoji-regex@8.0.0", "", {}, "sha512-MSjYzcWNOA0ewAHpz0MxpYFvwg6yjy1NG3xteoqz644VCo/RPgnr1/GGt+ic3iJTzQ8Eu3TdM14SawnVUmGE6A=="],

    "escalade": ["escalade@3.1.1", "", {}, "sha512-k0er2gUkLf8O0zKJiAhmkTnJlTvINGv7ygDNPbeIsX/TJjGJZHuh9B2UxbsaEkmlEo9MfhrSzmhIlhRlI2GXnw=="],

    "ethers": ["ethers@5.7.2", "", { "dependencies": { "@ethersproject/abi": "5.7.0", "@ethersproject/abstract-provider": "5.7.0", "@ethersproject/abstract-signer": "5.7.0", "@ethersproject/address": "5.7.0", "@ethersproject/base64": "5.7.0", "@ethersproject/basex": "5.7.0", "@ethersproject/bignumber": "5.7.0", "@ethersproject/bytes": "5.7.0", "@ethersproject/constants": "5.7.0", "@ethersproject/contracts": "5.7.0", "@ethersproject/hash": "5.7.0", "@ethersproject/hdnode": "5.7.0", "@ethersproject/json-wallets": "5.7.0", "@ethersproject/keccak256": "5.7.0", "@ethersproject/logger": "5.7.0", "@ethersproject/networks": "5.7.1", "@ethersproject/pbkdf2": "5.7.0", "@ethersproject/properties": "5.7.0", "@ethersproject/providers": "5.7.2", "@ethersproject/random": "5.7.0", "@ethersproject/rlp": "5.7.0", "@ethersproject/sha2": "5.7.0", "@ethersproject/signing-key": "5.7.0", "@ethersproject/solidity": "5.7.0", "@ethersproject/strings": "5.7.0", "@ethersproject/transactions": "5.7.0", "@ethersproject/units": "5.7.0", "@ethersproject/wallet": "5.7.0", "@ethersproject/web": "5.7.1", "@ethersproject/wordlists": "5.7.0" } }, "sha512-wswUsmWo1aOK8rR7DIKiWSw9DbLWe6x98Jrn8wcTflTVvaXhAMaB5zGAXy0GYQEQp9iO1iSHWVyARQm11zUtyg=="],

    "fs.realpath": ["fs.realpath@1.0.0", "", {}, "sha512-OO0pH2lK6a0hZnAdau5ItzHPI6pUlvI7jMVnxUQRtw4owF2wk8lOSabtGDCTP4Ggrg2MbGnWO9X8K1t4+fGMDw=="],

    "get-caller-file": ["get-caller-file@2.0.5", "", {}, "sha512-DyFP3BM/3YHTQOCUL/w0OZHR0lpKeGrxotcHWcqNEdnltqFwXVfhEBQ94eIo34AfQpo0rGki4cyIiftY06h2Fg=="],

    "glob": ["glob@7.2.3", "", { "dependencies": { "fs.realpath": "^1.0.0", "inflight": "^1.0.4", "inherits": "2", "minimatch": "^3.1.1", "once": "^1.3.0", "path-is-absolute": "^1.0.0" } }, "sha512-nFR0zLpU2YCaRxwoCJvL6UvCH2JFyFVIvwTLsIf21AuHlMskA1hhTdk+LlYJtOlYt9v6dvszD2BGRqBL+iQK9Q=="],

    "hash.js": ["hash.js@1.1.7", "", { "dependencies": { "inherits": "^2.0.3", "minimalistic-assert": "^1.0.1" } }, "sha512-taOaskGt4z4SOANNseOviYDvjEJinIkRgmp7LbKP2YTTmVxWBl87s/uzK9r+44BclBSp2X7K1hqeNfz9JbBeXA=="],

    "hmac-drbg": ["hmac-drbg@1.0.1", "", { "dependencies": { "hash.js": "^1.0.3", "minimalistic-assert": "^1.0.0", "minimalistic-crypto-utils": "^1.0.1" } }, "sha512-Tti3gMqLdZfhOQY1Mzf/AanLiqh1WTiJgEj26ZuYQ9fbkLomzGchCws4FyrSd4VkpBfiNhaE1On+lOz894jvXg=="],

    "inflight": ["inflight@1.0.6", "", { "dependencies": { "once": "^1.3.0", "wrappy": "1" } }, "sha512-k92I/b08q4wvFscXCLvqfsHCrjrF7yiXsQuIVvVE7N82W3+aqpzuUdBbfhWcy/FZR3/4IgflMgKLOsvPDrGCJA=="],

    "inherits": ["inherits@2.0.4", "", {}, "sha512-k/vGaX4/Yla3WzyMCvTQOXYeIHvqOKtnqBduzTHpzpQZzAskKMhZ2K+EnBiSM9zGSoIFeMpXKxa4dYeZIQqewQ=="],

    "is-fullwidth-code-point": ["is-fullwidth-code-point@3.0.0", "", {}, "sha512-zymm5+u+sCsSWyD9qNaejV3DFvhCKclKdizYaJUuHA83RLjb7nSuGnddCHGv0hk+KY7BMAlsWeK4Ueg6EV6XQg=="],

    "isarray": ["isarray@0.0.1", "", {}, "sha512-D2S+3GLxWH+uhrNEcoh/fnmYeP8E8/zHl644d/jdA0g2uyXvy3sb0qxotE+ne0LtccHknQzWwZEzhak7oJ0COQ=="],

    "js-sha3": ["js-sha3@0.8.0", "", {}, "sha512-gF1cRrHhIzNfToc802P800N8PpXS+evLLXfsVpowqmAFR9uwbi89WvXg2QspOmXL8QL86J4T1EpFu+yUkwJY3Q=="],

    "minimalistic-assert": ["minimalistic-assert@1.0.1", "", {}, "sha512-UtJcAD4yEaGtjPezWuO9wC4nwUnVH/8/Im3yEHQP4b67cXlD/Qr9hdITCU1xDbSEXg2XKNaP8jsReV7vQd00/A=="],

    "minimalistic-crypto-utils": ["minimalistic-crypto-utils@1.0.1", "", {}, "sha512-JIYlbt6g8i5jKfJ3xz7rF0LXmv2TkDxBLUkiBeZ7bAx4GnnNMr8xFpGnOxn6GhTEHx3SjRrZEoU+j04prX1ktg=="],

    "minimatch": ["minimatch@10.0.3", "", { "dependencies": { "@isaacs/brace-expansion": "^5.0.0" } }, "sha512-IPZ167aShDZZUMdRk66cyQAW3qr0WzbHkPdMYa8bzZhlHhO3jALbKdxcaak7W9FfT2rZNpQuUu4Od7ILEpXSaw=="],

    "mkdirp": ["mkdirp@1.0.4", "", { "bin": "bin/cmd.js" }, "sha512-vVqVZQyf3WLx2Shd0qJ9xuvqgAyKPLAiqITEtqW0oIUjzo3PePDd6fW9iFz30ef7Ysp/oiWqbhszeGWW2T6Gzw=="],

    "noms": ["noms@0.0.0", "", { "dependencies": { "inherits": "^2.0.1", "readable-stream": "~1.0.31" } }, "sha512-lNDU9VJaOPxUmXcLb+HQFeUgQQPtMI24Gt6hgfuMHRJgMRHMF/qZ4HJD3GDru4sSw9IQl2jPjAYnQrdIeLbwow=="],

    "once": ["once@1.4.0", "", { "dependencies": { "wrappy": "1" } }, "sha512-lNaJgI+2Q5URQBkccEKHTQOPaXdUxnZZElQTZY0MFUAuaEqe1E+Nyvgdz/aIyNi6Z9MzO5dv1H8n58/GELp3+w=="],

    "path-is-absolute": ["path-is-absolute@1.0.1", "", {}, "sha512-AVbw3UJ2e9bq64vSaS9Am0fje1Pa8pbGqTTsmXfaIiMpnr5DlDhfJOuLj9Sf95ZPVDAUerDfEk88MPmPe7UCQg=="],

    "process-nextick-args": ["process-nextick-args@2.0.1", "", {}, "sha512-3ouUOpQhtgrbOa17J7+uxOTpITYWaGP7/AhoR3+A+/1e9skrzelGi/dXzEYyvbxubEF6Wn2ypscTKiKJFFn1ag=="],

    "readable-stream": ["readable-stream@1.0.34", "", { "dependencies": { "core-util-is": "~1.0.0", "inherits": "~2.0.1", "isarray": "0.0.1", "string_decoder": "~0.10.x" } }, "sha512-ok1qVCJuRkNmvebYikljxJA/UEsKwLl2nI1OmaqAu4/UE+h0wKCHok4XkL/gvi39OacXvw59RJUOFUkDib2rHg=="],

    "require-directory": ["require-directory@2.1.1", "", {}, "sha512-fGxEI7+wsG9xrvdjsrlmL22OMTTiHRwAMroiEeMgq8gzoLC/PQr7RsRDSTLUg/bZAZtF+TVIkHc6/4RIKrui+Q=="],

    "safe-buffer": ["safe-buffer@5.1.2", "", {}, "sha512-Gd2UZBJDkXlY7GbJxfsE8/nvKkUEU1G38c1siN6QP6a9PT9MmHB8GnpscSmMJSoF8LOIrt8ud/wPtojys4G6+g=="],

    "scrypt-js": ["scrypt-js@3.0.1", "", {}, "sha512-cdwTTnqPu0Hyvf5in5asVdZocVDTNRmR7XEcJuIzMjJeSHybHl7vpB66AzwTaIg6CLSbtjcxc8fqcySfnTkccA=="],

    "string-width": ["string-width@4.2.3", "", { "dependencies": { "emoji-regex": "^8.0.0", "is-fullwidth-code-point": "^3.0.0", "strip-ansi": "^6.0.1" } }, "sha512-wKyQRQpjJ0sIp62ErSZdGsjMJWsap5oRNihHhu6G7JVO/9jIB6UyevL+tXuOqrng8j/cxKTWyWUwvSTriiZz/g=="],

    "string_decoder": ["string_decoder@0.10.31", "", {}, "sha512-ev2QzSzWPYmy9GuqfIVildA4OdcGLeFZQrq5ys6RtiuF+RQQiZWr8TZNyAcuVXyQRYfEO+MsoB/1BuQVhOJuoQ=="],

    "strip-ansi": ["strip-ansi@6.0.1", "", { "dependencies": { "ansi-regex": "^5.0.1" } }, "sha512-Y38VPSHcqkFrCpFnQ9vuSXmquuv5oXOKpGeT6aGrr3o3Gc9AlVa6JBfUSOCnbxGGZF+/0ooI7KrPuUSztUdU5A=="],

    "through2": ["through2@2.0.5", "", { "dependencies": { "readable-stream": "~2.3.6", "xtend": "~4.0.1" } }, "sha512-/mrRod8xqpA+IHSLyGCQ2s8SPHiCDEeQJSep1jqLYeEUClOFG2Qsh+4FU6G9VeqpZnGW/Su8LQGc4YKni5rYSQ=="],

    "typescript": ["typescript@5.8.3", "", { "bin": { "tsc": "bin/tsc", "tsserver": "bin/tsserver" } }, "sha512-p1diW6TqL9L07nNxvRMM7hMMw4c5XOo/1ibL4aAIGmSAt9slTE1Xgw5KWuof2uTOvCg9BY7ZRi+GaF+7sfgPeQ=="],

    "untildify": ["untildify@4.0.0", "", {}, "sha512-KK8xQ1mkzZeg9inewmFVDNkg3l5LUhoq9kN6iWYB/CC9YMG8HA+c1Q8HwDe6dEX7kErrEVNVBO3fWsVq5iDgtw=="],

    "util-deprecate": ["util-deprecate@1.0.2", "", {}, "sha512-EPD5q1uXyFxJpCrLnCc1nHnq3gOa6DZBocAIiI2TaSCA7VCJ1UJDMagCzIkXNsUYfD1daK//LTEQ8xiIbrHtcw=="],

    "wrap-ansi": ["wrap-ansi@7.0.0", "", { "dependencies": { "ansi-styles": "^4.0.0", "string-width": "^4.1.0", "strip-ansi": "^6.0.0" } }, "sha512-YVGIj2kamLSTxw6NsZjoBxfSwsn0ycdesmc4p+Q21c5zPuZ1pl+NfxVdxPtdHvmNVOQ6XSYG4AUtyt/Fi7D16Q=="],

    "wrappy": ["wrappy@1.0.2", "", {}, "sha512-l4Sp/DRseor9wL6EvV2+TuQn63dMkPjZ/sp9XkghTEbV9KlPS1xUsZ3u7/IQO4wxtcFB4bgpQPRcR3QCvezPcQ=="],

    "ws": ["ws@7.4.6", "", { "peerDependencies": { "bufferutil": "^4.0.1", "utf-8-validate": "^5.0.2" }, "optionalPeers": ["bufferutil", "utf-8-validate"] }, "sha512-YmhHDO4MzaDLB+M9ym/mDA5z0naX8j7SIlT8f8z+I0VtzsRbekxEutHSme7NPS2qE8StCYQNUnfWdXta/Yu85A=="],

    "xtend": ["xtend@4.0.2", "", {}, "sha512-LKYU1iAXJXUgAXn9URjiu+MWhyUXHsvfp7mcuYm9dSUKK0/CjtrUwFAxD82/mCWbtLsGjFIad0wIsod4zrTAEQ=="],

    "y18n": ["y18n@5.0.8", "", {}, "sha512-0pfFzegeDWJHJIAmTLRP2DwHjdF5s7jo9tuztdQxAhINCdvS+3nGINqPd00AphqJR/0LhANUS6/+7SCb98YOfA=="],

    "yargs": ["yargs@16.2.0", "", { "dependencies": { "cliui": "^7.0.2", "escalade": "^3.1.1", "get-caller-file": "^2.0.5", "require-directory": "^2.1.1", "string-width": "^4.2.0", "y18n": "^5.0.5", "yargs-parser": "^20.2.2" } }, "sha512-D1mvvtDG0L5ft/jGWkLpG1+m0eQxOfaBvTNELraWj22wSVUMWxZUvYgJYcKh6jGGIkJFhH4IZPQhR4TKpc8mBw=="],

    "yargs-parser": ["yargs-parser@20.2.9", "", {}, "sha512-y11nGElTIV+CT3Zv9t7VKl+Q3hTQoT9a1Qzezhhl6Rp21gJ/IVTW7Z3y9EWXhuUBC2Shnf+DX0antecpAwSP8w=="],

    "@types/minimatch/minimatch": ["minimatch@3.1.2", "", { "dependencies": { "brace-expansion": "^1.1.7" } }, "sha512-J7p63hRiAjw1NDEww1W7i37+ByIrOWO5XQQAzZ3VOcL0PNybwpfmV/N05zFAzwQ9USyEcX6t3UO+K5aqBQOIHw=="],

    "copyfiles/minimatch": ["minimatch@3.1.2", "", { "dependencies": { "brace-expansion": "^1.1.7" } }, "sha512-J7p63hRiAjw1NDEww1W7i37+ByIrOWO5XQQAzZ3VOcL0PNybwpfmV/N05zFAzwQ9USyEcX6t3UO+K5aqBQOIHw=="],

    "elliptic/bn.js": ["bn.js@4.12.0", "", {}, "sha512-c98Bf3tPniI+scsdk237ku1Dc3ujXQTSgyiPUDEOe7tRkhrqridvh8klBv0HCEso1OLOYcHuCv/cS6DNxKH+ZA=="],

    "glob/minimatch": ["minimatch@3.1.2", "", { "dependencies": { "brace-expansion": "^1.1.7" } }, "sha512-J7p63hRiAjw1NDEww1W7i37+ByIrOWO5XQQAzZ3VOcL0PNybwpfmV/N05zFAzwQ9USyEcX6t3UO+K5aqBQOIHw=="],

    "through2/readable-stream": ["readable-stream@2.3.7", "", { "dependencies": { "core-util-is": "~1.0.0", "inherits": "~2.0.3", "isarray": "~1.0.0", "process-nextick-args": "~2.0.0", "safe-buffer": "~5.1.1", "string_decoder": "~1.1.1", "util-deprecate": "~1.0.1" } }, "sha512-Ebho8K4jIbHAxnuxi7o42OrZgF/ZTNcsZj6nRKyUmkhLFq8CHItp/fy6hQZuZmP/n3yZ9VBUbp4zz/mX8hmYPw=="],

    "through2/readable-stream/isarray": ["isarray@1.0.0", "", {}, "sha512-VLghIWNM6ELQzo7zwmcg0NmTVyWKYjvIeM83yjp0wRDTmUnrM678fQbcKBo6n2CJEF0szoG//ytg+TKla89ALQ=="],

    "through2/readable-stream/string_decoder": ["string_decoder@1.1.1", "", { "dependencies": { "safe-buffer": "~5.1.0" } }, "sha512-n/ShnvDi6FHbbVfviro+WojiFzv+s8MPMHBczVePfUpDJLwoLT0ht1l4YwBCbi8pJAveEEdnkHyPyTP/mzRfwg=="],
  }
}
